{
  "version": "3",
  "packages": {
    "specifiers": {
      "npm:@noble/hashes": "npm:@noble/hashes@1.4.0",
      "npm:nostr-tools": "npm:nostr-tools@2.7.2",
      "npm:rx-nostr-crypto": "npm:rx-nostr-crypto@3.1.1"
    },
    "npm": {
      "@noble/ciphers@0.5.3": {
        "integrity": "sha512-B0+6IIHiqEs3BPMT0hcRmHvEj2QHOLu+uwt+tqDDeVd0oyVzh7BPrDcPjRnV1PV/5LaknXJJQvOuRGR0zQJz+w==",
        "dependencies": {}
      },
      "@noble/curves@1.1.0": {
        "integrity": "sha512-091oBExgENk/kGj3AZmtBDMpxQPDtxQABR2B9lb1JbVTs6ytdzZNwvhxQ4MWasRNEzlbEH8jCWFCwhF/Obj5AA==",
        "dependencies": {
          "@noble/hashes": "@noble/hashes@1.3.1"
        }
      },
      "@noble/curves@1.2.0": {
        "integrity": "sha512-oYclrNgRaM9SsBUBVbb8M6DTV7ZHRTKugureoYEncY5c65HOmRzvSiTE3y5CYaPYJA/GVkrhXEoF0M3Ya9PMnw==",
        "dependencies": {
          "@noble/hashes": "@noble/hashes@1.3.2"
        }
      },
      "@noble/curves@1.5.0": {
        "integrity": "sha512-J5EKamIHnKPyClwVrzmaf5wSdQXgdHcPZIZLu3bwnbeCx8/7NPK5q2ZBWF+5FvYGByjiQQsJYX6jfgB2wDPn3A==",
        "dependencies": {
          "@noble/hashes": "@noble/hashes@1.4.0"
        }
      },
      "@noble/hashes@1.3.1": {
        "integrity": "sha512-EbqwksQwz9xDRGfDST86whPBgM65E0OH/pCgqW0GBVzO22bNE+NuIbeTb714+IfSjU3aRk47EUvXIb5bTsenKA==",
        "dependencies": {}
      },
      "@noble/hashes@1.3.2": {
        "integrity": "sha512-MVC8EAQp7MvEcm30KWENFjgR+Mkmf+D189XJTkFIlwohU5hcBbn1ZkKq7KVTi2Hme3PMGF390DaL52beVrIihQ==",
        "dependencies": {}
      },
      "@noble/hashes@1.4.0": {
        "integrity": "sha512-V1JJ1WTRUqHHrOSh597hURcMqVKVGL/ea3kv0gSnEdsEZ0/+VyPghM1lMNGc00z7CIQorSvbKpuJkxvuHbvdbg==",
        "dependencies": {}
      },
      "@scure/base@1.1.1": {
        "integrity": "sha512-ZxOhsSyxYwLJj3pLZCefNitxsj093tb2vq90mp2txoYeBqbcjDjqFhyM8eUjq/uFm6zJ+mUuqxlS2FkuSY1MTA==",
        "dependencies": {}
      },
      "@scure/base@1.1.7": {
        "integrity": "sha512-PPNYBslrLNNUQ/Yad37MHYsNQtK67EhWb6WtSvNLLPo7SdVZgkUjD6Dg+5On7zNwmskf8OX7I7Nx5oN+MIWE0g==",
        "dependencies": {}
      },
      "@scure/bip32@1.3.1": {
        "integrity": "sha512-osvveYtyzdEVbt3OfwwXFr4P2iVBL5u1Q3q4ONBfDY/UpOuXmOlbgwc1xECEboY8wIays8Yt6onaWMUdUbfl0A==",
        "dependencies": {
          "@noble/curves": "@noble/curves@1.1.0",
          "@noble/hashes": "@noble/hashes@1.3.2",
          "@scure/base": "@scure/base@1.1.7"
        }
      },
      "@scure/bip39@1.2.1": {
        "integrity": "sha512-Z3/Fsz1yr904dduJD0NpiyRHhRYHdcnyh73FZWiV+/qhWi83wNJ3NWolYqCEN+ZWsUz2TWwajJggcRE9r1zUYg==",
        "dependencies": {
          "@noble/hashes": "@noble/hashes@1.3.2",
          "@scure/base": "@scure/base@1.1.7"
        }
      },
      "nostr-tools@2.7.2": {
        "integrity": "sha512-Bq3Ug0SZFtgtL1+0wCnAe8AJtI7yx/00/a2nUug9SkhfOwlKS92Tef12iCK9FdwXw+oFZWMtRnSwcLayQso+xA==",
        "dependencies": {
          "@noble/ciphers": "@noble/ciphers@0.5.3",
          "@noble/curves": "@noble/curves@1.2.0",
          "@noble/hashes": "@noble/hashes@1.3.1",
          "@scure/base": "@scure/base@1.1.1",
          "@scure/bip32": "@scure/bip32@1.3.1",
          "@scure/bip39": "@scure/bip39@1.2.1",
          "nostr-wasm": "nostr-wasm@0.1.0"
        }
      },
      "nostr-typedef@0.8.0": {
        "integrity": "sha512-xJq7ASf7OAKXdJY89bZEAN7ROzX9dokqBHNIvsNKnaROCqQJKjcEZPHftKteHxMh5ko2DCOAnItF6lsB5Oe1iA==",
        "dependencies": {}
      },
      "nostr-wasm@0.1.0": {
        "integrity": "sha512-78BTryCLcLYv96ONU8Ws3Q1JzjlAt+43pWQhIl86xZmWeegYCNLPml7yQ+gG3vR6V5h4XGj+TxO+SS5dsThQIA==",
        "dependencies": {}
      },
      "rx-nostr-crypto@3.1.1": {
        "integrity": "sha512-tfymiGQz02KLfLKOjVVT+Qxiw74RjzLocgOPioAEuwSdYUO/NBDA/jP30I323f17/zWoRxn55ujOeiXOS729ZQ==",
        "dependencies": {
          "@noble/curves": "@noble/curves@1.5.0",
          "@noble/hashes": "@noble/hashes@1.4.0",
          "@scure/base": "@scure/base@1.1.7",
          "nostr-typedef": "nostr-typedef@0.8.0"
        }
      }
    }
  },
  "remote": {}
}
